
Microsoft Visual Studio Solution File, Format Version 12.00
# Visual Studio Version 17
VisualStudioVersion = 17.4.33213.308
MinimumVisualStudioVersion = 10.0.40219.1
Project("{FAE04EC0-301F-11D3-BF4B-00C04F79EFBC}") = "Silnia_rek", "Silnia_rek\Silnia_rek.csproj", "{28FC083D-4591-47DE-90BB-77733B155E67}"
EndProject
Global
	GlobalSection(SolutionConfigurationPlatforms) = preSolution
		Debug|Any CPU = Debug|Any CPU
		Release|Any CPU = Release|Any CPU
	EndGlobalSection
	GlobalSection(ProjectConfigurationPlatforms) = postSolution
		{28FC083D-4591-47DE-90BB-77733B155E67}.Debug|Any CPU.ActiveCfg = Debug|Any CPU
		{28FC083D-4591-47DE-90BB-77733B155E67}.Debug|Any CPU.Build.0 = Debug|Any CPU
		{28FC083D-4591-47DE-90BB-77733B155E67}.Release|Any CPU.ActiveCfg = Release|Any CPU
		{28FC083D-4591-47DE-90BB-77733B155E67}.Release|Any CPU.Build.0 = Release|Any CPU
	EndGlobalSection
	GlobalSection(SolutionProperties) = preSolution
		HideSolutionNode = FALSE
	EndGlobalSection
	GlobalSection(ExtensibilityGlobals) = postSolution
		SolutionGuid = {F96DC3EE-557E-46D7-BD79-1B469C445A9C}
	EndGlobalSection
EndGlobal
